
Microsoft Visual Studio Solution File, Format Version 12.00
# Visual Studio 15
VisualStudioVersion = 15.0.27130.2026
MinimumVisualStudioVersion = 10.0.40219.1
Project("{FAE04EC0-301F-11D3-BF4B-00C04F79EFBC}") = "Finances", "Finances\Finances.csproj", "{18466591-3DC2-4885-AEC2-9A84A0C13C6F}"
EndProject
Global
	GlobalSection(SolutionConfigurationPlatforms) = preSolution
		Debug|Any CPU = Debug|Any CPU
		Release|Any CPU = Release|Any CPU
	EndGlobalSection
	GlobalSection(ProjectConfigurationPlatforms) = postSolution
		{18466591-3DC2-4885-AEC2-9A84A0C13C6F}.Debug|Any CPU.ActiveCfg = Debug|Any CPU
		{18466591-3DC2-4885-AEC2-9A84A0C13C6F}.Debug|Any CPU.Build.0 = Debug|Any CPU
		{18466591-3DC2-4885-AEC2-9A84A0C13C6F}.Release|Any CPU.ActiveCfg = Release|Any CPU
		{18466591-3DC2-4885-AEC2-9A84A0C13C6F}.Release|Any CPU.Build.0 = Release|Any CPU
	EndGlobalSection
	GlobalSection(SolutionProperties) = preSolution
		HideSolutionNode = FALSE
	EndGlobalSection
	GlobalSection(ExtensibilityGlobals) = postSolution
		SolutionGuid = {C201C033-D3FE-4E64-802E-D78F0AF5D7CE}
	EndGlobalSection
EndGlobal
